// !$*UTF8*$!
{
	archiveVersion = 1;
	classes = {
	};
	objectVersion = 46;
	objects = {

/* Begin PBXBuildFile section */
		4DFF32D21C652CB800DF77AA /* AppDelegate.swift in Sources */ = {isa = PBXBuildFile; fileRef = 4DFF32D11C652CB800DF77AA /* AppDelegate.swift */; };
		4DFF32D41C652CB800DF77AA /* ViewController.swift in Sources */ = {isa = PBXBuildFile; fileRef = 4DFF32D31C652CB800DF77AA /* ViewController.swift */; };
		4DFF32D71C652CB800DF77AA /* Main.storyboard in Resources */ = {isa = PBXBuildFile; fileRef = 4DFF32D51C652CB800DF77AA /* Main.storyboard */; };
		4DFF32D91C652CB800DF77AA /* Assets.xcassets in Resources */ = {isa = PBXBuildFile; fileRef = 4DFF32D81C652CB800DF77AA /* Assets.xcassets */; };
		4DFF32DC1C652CB800DF77AA /* LaunchScreen.storyboard in Resources */ = {isa = PBXBuildFile; fileRef = 4DFF32DA1C652CB800DF77AA /* LaunchScreen.storyboard */; };
/* End PBXBuildFile section */

/* Begin PBXFileReference section */
		4DFF32CE1C652CB800DF77AA /* Blade and Soul Characterz.app */ = {isa = PBXFileReference; explicitFileType = wrapper.application; includeInIndex = 0; path = "Blade and Soul Characterz.app"; sourceTree = BUILT_PRODUCTS_DIR; };
		4DFF32D11C652CB800DF77AA /* AppDelegate.swift */ = {isa = PBXFileReference; lastKnownFileType = sourcecode.swift; path = AppDelegate.swift; sourceTree = "<group>"; };
		4DFF32D31C652CB800DF77AA /* ViewController.swift */ = {isa = PBXFileReference; lastKnownFileType = sourcecode.swift; path = ViewController.swift; sourceTree = "<group>"; };
		4DFF32D61C652CB800DF77AA /* Base */ = {isa = PBXFileReference; lastKnownFileType = file.storyboard; name = Base; path = Base.lproj/Main.storyboard; sourceTree = "<group>"; };
		4DFF32D81C652CB800DF77AA /* Assets.xcassets */ = {isa = PBXFileReference; lastKnownFileType = folder.assetcatalog; path = Assets.xcassets; sourceTree = "<group>"; };
		4DFF32DB1C652CB800DF77AA /* Base */ = {isa = PBXFileReference; lastKnownFileType = file.storyboard; name = Base; path = Base.lproj/LaunchScreen.storyboard; sourceTree = "<group>"; };
		4DFF32DD1C652CB800DF77AA /* Info.plist */ = {isa = PBXFileReference; lastKnownFileType = text.plist.xml; path = Info.plist; sourceTree = "<group>"; };
/* End PBXFileReference section */

/* Begin PBXFrameworksBuildPhase section */
		4DFF32CB1C652CB800DF77AA /* Frameworks */ = {
			isa = PBXFrameworksBuildPhase;
			buildActionMask = 2147483647;
			files = (
			);
			runOnlyForDeploymentPostprocessing = 0;
		};
/* End PBXFrameworksBuildPhase section */

/* Begin PBXGroup section */
		4DFF32C51C652CB800DF77AA = {
			isa = PBXGroup;
			children = (
				4DFF32D01C652CB800DF77AA /* Blade and Soul Characterz */,
				4DFF32CF1C652CB800DF77AA /* Products */,
			);
			sourceTree = "<group>";
		};
		4DFF32CF1C652CB800DF77AA /* Products */ = {
			isa = PBXGroup;
			children = (
				4DFF32CE1C652CB800DF77AA /* Blade and Soul Characterz.app */,
			);
			name = Products;
			sourceTree = "<group>";
		};
		4DFF32D01C652CB800DF77AA /* Blade and Soul Characterz */ = {
			isa = PBXGroup;
			children = (
				4DFF32D11C652CB800DF77AA /* AppDelegate.swift */,
				4DFF32D31C652CB800DF77AA /* ViewController.swift */,
				4DFF32D51C652CB800DF77AA /* Main.storyboard */,
				4DFF32D81C652CB800DF77AA /* Assets.xcassets */,
				4DFF32DA1C652CB800DF77AA /* LaunchScreen.storyboard */,
				4DFF32DD1C652CB800DF77AA /* Info.plist */,
			);
			path = "Blade and Soul Characterz";
			sourceTree = "<group>";
		};
/* End PBXGroup section */

/* Begin PBXNativeTarget section */
		4DFF32CD1C652CB800DF77AA /* Blade and Soul Characterz */ = {
			isa = PBXNativeTarget;
			buildConfigurationList = 4DFF32E01C652CB800DF77AA /* Build configuration list for PBXNativeTarget "Blade and Soul Characterz" */;
			buildPhases = (
				4DFF32CA1C652CB800DF77AA /* Sources */,
				4DFF32CB1C652CB800DF77AA /* Frameworks */,
				4DFF32CC1C652CB800DF77AA /* Resources */,
			);
			buildRules = (
			);
			dependencies = (
			);
			name = "Blade and Soul Characterz";
			productName = "Blade and Soul Characterz";
			productReference = 4DFF32CE1C652CB800DF77AA /* Blade and Soul Characterz.app */;
			productType = "com.apple.product-type.application";
		};
/* End PBXNativeTarget section */

/* Begin PBXProject section */
		4DFF32C61C652CB800DF77AA /* Project object */ = {
			isa = PBXProject;
			attributes = {
				LastSwiftUpdateCheck = 0710;
				LastUpgradeCheck = 0710;
				ORGANIZATIONNAME = "Standa Sučanský";
				TargetAttributes = {
					4DFF32CD1C652CB800DF77AA = {
						CreatedOnToolsVersion = 7.1;
						DevelopmentTeam = GKA7XM57Q7;
					};
				};
			};
			buildConfigurationList = 4DFF32C91C652CB800DF77AA /* Build configuration list for PBXProject "Blade and Soul Characterz" */;
			compatibilityVersion = "Xcode 3.2";
			developmentRegion = English;
			hasScannedForEncodings = 0;
			knownRegions = (
				en,
				Base,
			);
			mainGroup = 4DFF32C51C652CB800DF77AA;
			productRefGroup = 4DFF32CF1C652CB800DF77AA /* Products */;
			projectDirPath = "";
			projectRoot = "";
			targets = (
				4DFF32CD1C652CB800DF77AA /* Blade and Soul Characterz */,
			);
		};
/* End PBXProject section */

/* Begin PBXResourcesBuildPhase section */
		4DFF32CC1C652CB800DF77AA /* Resources */ = {
			isa = PBXResourcesBuildPhase;
			buildActionMask = 2147483647;
			files = (
				4DFF32DC1C652CB800DF77AA /* LaunchScreen.storyboard in Resources */,
				4DFF32D91C652CB800DF77AA /* Assets.xcassets in Resources */,
				4DFF32D71C652CB800DF77AA /* Main.storyboard in Resources */,
			);
			runOnlyForDeploymentPostprocessing = 0;
		};
/* End PBXResourcesBuildPhase section */

/* Begin PBXSourcesBuildPhase section */
		4DFF32CA1C652CB800DF77AA /* Sources */ = {
			isa = PBXSourcesBuildPhase;
			buildActionMask = 2147483647;
			files = (
				4DFF32D41C652CB800DF77AA /* ViewController.swift in Sources */,
				4DFF32D21C652CB800DF77AA /* AppDelegate.swift in Sources */,
			);
			runOnlyForDeploymentPostprocessing = 0;
		};
/* End PBXSourcesBuildPhase section */

/* Begin PBXVariantGroup section */
		4DFF32D51C652CB800DF77AA /* Main.storyboard */ = {
			isa = PBXVariantGroup;
			children = (
				4DFF32D61C652CB800DF77AA /* Base */,
			);
			name = Main.storyboard;
			sourceTree = "<group>";
		};
		4DFF32DA1C652CB800DF77AA /* LaunchScreen.storyboard */ = {
			isa = PBXVariantGroup;
			children = (
				4DFF32DB1C652CB800DF77AA /* Base */,
			);
			name = LaunchScreen.storyboard;
			sourceTree = "<group>";
		};
/* End PBXVariantGroup section */

/* Begin XCBuildConfiguration section */
		4DFF32DE1C652CB800DF77AA /* Debug */ = {
			isa = XCBuildConfiguration;
			buildSettings = {
				ALWAYS_SEARCH_USER_PATHS = NO;
				CLANG_CXX_LANGUAGE_STANDARD = "gnu++0x";
				CLANG_CXX_LIBRARY = "libc++";
				CLANG_ENABLE_MODULES = YES;
				CLANG_ENABLE_OBJC_ARC = YES;
				CLANG_WARN_BOOL_CONVERSION = YES;
				CLANG_WARN_CONSTANT_CONVERSION = YES;
				CLANG_WARN_DIRECT_OBJC_ISA_USAGE = YES_ERROR;
				CLANG_WARN_EMPTY_BODY = YES;
				CLANG_WARN_ENUM_CONVERSION = YES;
				CLANG_WARN_INT_CONVERSION = YES;
				CLANG_WARN_OBJC_ROOT_CLASS = YES_ERROR;
				CLANG_WARN_UNREACHABLE_CODE = YES;
				CLANG_WARN__DUPLICATE_METHOD_MATCH = YES;
				"CODE_SIGN_IDENTITY[sdk=iphoneos*]" = "iPhone Developer";
				COPY_PHASE_STRIP = NO;
				DEBUG_INFORMATION_FORMAT = dwarf;
				ENABLE_STRICT_OBJC_MSGSEND = YES;
				ENABLE_TESTABILITY = YES;
				GCC_C_LANGUAGE_STANDARD = gnu99;
				GCC_DYNAMIC_NO_PIC = NO;
				GCC_NO_COMMON_BLOCKS = YES;
				GCC_OPTIMIZATION_LEVEL = 0;
				GCC_PREPROCESSOR_DEFINITIONS = (
					"DEBUG=1",
					"$(inherited)",
				);
				GCC_WARN_64_TO_32_BIT_CONVERSION = YES;
				GCC_WARN_ABOUT_RETURN_TYPE = YES_ERROR;
				GCC_WARN_UNDECLARED_SELECTOR = YES;
				GCC_WARN_UNINITIALIZED_AUTOS = YES_AGGRESSIVE;
				GCC_WARN_UNUSED_FUNCTION = YES;
				GCC_WARN_UNUSED_VARIABLE = YES;
				IPHONEOS_DEPLOYMENT_TARGET = 9.1;
				MTL_ENABLE_DEBUG_INFO = YES;
				ONLY_ACTIVE_ARCH = YES;
				SDKROOT = iphoneos;
				SWIFT_OPTIMIZATION_LEVEL = "-Onone";
			};
			name = Debug;
		};
		4DFF32DF1C652CB800DF77AA /* Release */ = {
			isa = XCBuildConfiguration;
			buildSettings = {
				ALWAYS_SEARCH_USER_PATHS = NO;
				CLANG_CXX_LANGUAGE_STANDARD = "gnu++0x";
				CLANG_CXX_LIBRARY = "libc++";
				CLANG_ENABLE_MODULES = YES;
				CLANG_ENABLE_OBJC_ARC = YES;
				CLANG_WARN_BOOL_CONVERSION = YES;
				CLANG_WARN_CONSTANT_CONVERSION = YES;
				CLANG_WARN_DIRECT_OBJC_ISA_USAGE = YES_ERROR;
				CLANG_WARN_EMPTY_BODY = YES;
				CLANG_WARN_ENUM_CONVERSION = YES;
				CLANG_WARN_INT_CONVERSION = YES;
				CLANG_WARN_OBJC_ROOT_CLASS = YES_ERROR;
				CLANG_WARN_UNREACHABLE_CODE = YES;
				CLANG_WARN__DUPLICATE_METHOD_MATCH = YES;
				"CODE_SIGN_IDENTITY[sdk=iphoneos*]" = "iPhone Developer";
				COPY_PHASE_STRIP = NO;
				DEBUG_INFORMATION_FORMAT = "dwarf-with-dsym";
				ENABLE_NS_ASSERTIONS = NO;
				ENABLE_STRICT_OBJC_MSGSEND = YES;
				GCC_C_LANGUAGE_STANDARD = gnu99;
				GCC_NO_COMMON_BLOCKS = YES;
				GCC_WARN_64_TO_32_BIT_CONVERSION = YES;
				GCC_WARN_ABOUT_RETURN_TYPE = YES_ERROR;
				GCC_WARN_UNDECLARED_SELECTOR = YES;
				GCC_WARN_UNINITIALIZED_AUTOS = YES_AGGRESSIVE;
				GCC_WARN_UNUSED_FUNCTION = YES;
				GCC_WARN_UNUSED_VARIABLE = YES;
				IPHONEOS_DEPLOYMENT_TARGET = 9.1;
				MTL_ENABLE_DEBUG_INFO = NO;
				SDKROOT = iphoneos;
				VALIDATE_PRODUCT = YES;
			};
			name = Release;
		};
		4DFF32E11C652CB800DF77AA /* Debug */ = {
			isa = XCBuildConfiguration;
			buildSettings = {
				ASSETCATALOG_COMPILER_APPICON_NAME = AppIcon;
				INFOPLIST_FILE = "Blade and Soul Characterz/Info.plist";
				LD_RUNPATH_SEARCH_PATHS = "$(inherited) @executable_path/Frameworks";
				PRODUCT_BUNDLE_IDENTIFIER = "com.StanSuc.Blade-and-Soul-Characterz";
				PRODUCT_NAME = "$(TARGET_NAME)";
			};
			name = Debug;
		};
		4DFF32E21C652CB800DF77AA /* Release */ = {
			isa = XCBuildConfiguration;
			buildSettings = {
				ASSETCATALOG_COMPILER_APPICON_NAME = AppIcon;
				INFOPLIST_FILE = "Blade and Soul Characterz/Info.plist";
				LD_RUNPATH_SEARCH_PATHS = "$(inherited) @executable_path/Frameworks";
				PRODUCT_BUNDLE_IDENTIFIER = "com.StanSuc.Blade-and-Soul-Characterz";
				PRODUCT_NAME = "$(TARGET_NAME)";
			};
			name = Release;
		};
/* End XCBuildConfiguration section */

/* Begin XCConfigurationList section */
		4DFF32C91C652CB800DF77AA /* Build configuration list for PBXProject "Blade and Soul Characterz" */ = {
			isa = XCConfigurationList;
			buildConfigurations = (
				4DFF32DE1C652CB800DF77AA /* Debug */,
				4DFF32DF1C652CB800DF77AA /* Release */,
			);
			defaultConfigurationIsVisible = 0;
			defaultConfigurationName = Release;
		};
		4DFF32E01C652CB800DF77AA /* Build configuration list for PBXNativeTarget "Blade and Soul Characterz" */ = {
			isa = XCConfigurationList;
			buildConfigurations = (
				4DFF32E11C652CB800DF77AA /* Debug */,
				4DFF32E21C652CB800DF77AA /* Release */,
			);
			defaultConfigurationIsVisible = 0;
		};
/* End XCConfigurationList section */
	};
	rootObject = 4DFF32C61C652CB800DF77AA /* Project object */;
}
